
Microsoft Visual Studio Solution File, Format Version 12.00
# Visual Studio Version 17
VisualStudioVersion = 17.14.36518.9
MinimumVisualStudioVersion = 10.0.40219.1
Project("{FAE04EC0-301F-11D3-BF4B-00C04F79EFBC}") = "HospitalManagementSystem", "HospitalManagementSystem\HospitalManagementSystem.csproj", "{D424FB25-BD8E-4F22-B373-D2D231DFFD17}"
EndProject
Project("{FAE04EC0-301F-11D3-BF4B-00C04F79EFBC}") = "HospitalSignalRServer", "HospitalSignalRServer\HospitalSignalRServer.csproj", "{C761F553-334D-4ACB-8441-791D921C9538}"
EndProject
Global
	GlobalSection(SolutionConfigurationPlatforms) = preSolution
		Debug|Any CPU = Debug|Any CPU
		Release|Any CPU = Release|Any CPU
	EndGlobalSection
	GlobalSection(ProjectConfigurationPlatforms) = postSolution
		{D424FB25-BD8E-4F22-B373-D2D231DFFD17}.Debug|Any CPU.ActiveCfg = Debug|Any CPU
		{D424FB25-BD8E-4F22-B373-D2D231DFFD17}.Debug|Any CPU.Build.0 = Debug|Any CPU
		{D424FB25-BD8E-4F22-B373-D2D231DFFD17}.Release|Any CPU.ActiveCfg = Release|Any CPU
		{D424FB25-BD8E-4F22-B373-D2D231DFFD17}.Release|Any CPU.Build.0 = Release|Any CPU
		{C761F553-334D-4ACB-8441-791D921C9538}.Debug|Any CPU.ActiveCfg = Debug|Any CPU
		{C761F553-334D-4ACB-8441-791D921C9538}.Debug|Any CPU.Build.0 = Debug|Any CPU
		{C761F553-334D-4ACB-8441-791D921C9538}.Release|Any CPU.ActiveCfg = Release|Any CPU
		{C761F553-334D-4ACB-8441-791D921C9538}.Release|Any CPU.Build.0 = Release|Any CPU
	EndGlobalSection
	GlobalSection(SolutionProperties) = preSolution
		HideSolutionNode = FALSE
	EndGlobalSection
	GlobalSection(ExtensibilityGlobals) = postSolution
		SolutionGuid = {EF4FEE5E-7C87-4CFE-B517-78C1960C819E}
	EndGlobalSection
EndGlobal
